
Microsoft Visual Studio Solution File, Format Version 12.00
# Visual Studio Version 17
VisualStudioVersion = 17.0.32002.185
MinimumVisualStudioVersion = 10.0.40219.1
Project("{FAE04EC0-301F-11D3-BF4B-00C04F79EFBC}") = "Edytor Tekstowy", "Edytor Tekstowy\Edytor Tekstowy.csproj", "{8C5F6793-4C87-4A16-BB50-9729388E6376}"
EndProject
Project("{9A19103F-16F7-4668-BE54-9A1E7A4F7556}") = "Aplikacja3", "Aplikacja3\Aplikacja3.csproj", "{70ACEEDD-CE89-4FE8-8A71-111691CA42E3}"
EndProject
Project("{FAE04EC0-301F-11D3-BF4B-00C04F79EFBC}") = "BarNieChlujnyJanek", "BarNieChlujnyJanek\BarNieChlujnyJanek.csproj", "{883BCF92-4E97-4429-BB84-9896EB5ABB29}"
EndProject
Project("{9A19103F-16F7-4668-BE54-9A1E7A4F7556}") = "ConsoleApp1", "ConsoleApp1\ConsoleApp1.csproj", "{2D51946E-1ACF-47CC-A928-48C3605FF3D8}"
EndProject
Project("{FAE04EC0-301F-11D3-BF4B-00C04F79EFBC}") = "Karty", "Karty\Karty.csproj", "{41511825-94C4-4821-A19C-56BEA8AD22B2}"
EndProject
Project("{9A19103F-16F7-4668-BE54-9A1E7A4F7556}") = "KosmiciAtakuja", "KosmiciAtakuja\KosmiciAtakuja\KosmiciAtakuja.csproj", "{CC606C06-F0A2-4EE3-9A64-2C7D47D7AFA8}"
EndProject
Project("{9A19103F-16F7-4668-BE54-9A1E7A4F7556}") = "ListaKaczek", "ListaKaczek\ListaKaczek.csproj", "{E660923B-B730-483B-A463-24274B8A5DC5}"
EndProject
Project("{FAE04EC0-301F-11D3-BF4B-00C04F79EFBC}") = "Literki", "Literki\Literki.csproj", "{1EDE9D7A-7525-468F-829C-999AA7502A91}"
EndProject
Project("{FAE04EC0-301F-11D3-BF4B-00C04F79EFBC}") = "ModelDomu", "ModelDomu\ModelDomu.csproj", "{ACC685EA-A4DD-4423-8B04-50CC2F4DBAF4}"
EndProject
Project("{FAE04EC0-301F-11D3-BF4B-00C04F79EFBC}") = "PrzyjęciaKrystyny", "PrzyjęciaKrystyny\PrzyjęciaKrystyny.csproj", "{A293BBFE-2496-45BC-9CD1-0B1BDD42B47C}"
EndProject
Project("{FAE04EC0-301F-11D3-BF4B-00C04F79EFBC}") = "Ul", "Ul\Ul.csproj", "{0BD8B7EB-08D7-400C-B68B-67B083C6F349}"
EndProject
Project("{FAE04EC0-301F-11D3-BF4B-00C04F79EFBC}") = "WindowsFormsApp1", "WindowsFormsApp1\WindowsFormsApp1.csproj", "{4BD8DA4D-9CD1-4AC8-B5F6-16B760255185}"
EndProject
Project("{FAE04EC0-301F-11D3-BF4B-00C04F79EFBC}") = "WindowsFormsApp2", "WindowsFormsApp2\WindowsFormsApp2.csproj", "{1C0AE2D2-9BA0-4A25-BD28-C75781BA7B9B}"
EndProject
Project("{FAE04EC0-301F-11D3-BF4B-00C04F79EFBC}") = "WindowsFormsApp3", "WindowsFormsApp3\WindowsFormsApp3.csproj", "{9433EBBC-5D49-4FCE-9F4F-C9C60F8714BD}"
EndProject
Project("{FAE04EC0-301F-11D3-BF4B-00C04F79EFBC}") = "WindowsFormsApp4", "WindowsFormsApp4\WindowsFormsApp4.csproj", "{68EE9EAE-BDFB-4C0F-8E91-3591B31A9F01}"
EndProject
Project("{FAE04EC0-301F-11D3-BF4B-00C04F79EFBC}") = "Wyścigi Konne", "Wyścigi Konne\Wyścigi Konne.csproj", "{D0B31A8A-618F-47F9-8C6D-72CB4809E879}"
EndProject
Global
	GlobalSection(SolutionConfigurationPlatforms) = preSolution
		Debug|Any CPU = Debug|Any CPU
		Release|Any CPU = Release|Any CPU
	EndGlobalSection
	GlobalSection(ProjectConfigurationPlatforms) = postSolution
		{8C5F6793-4C87-4A16-BB50-9729388E6376}.Debug|Any CPU.ActiveCfg = Debug|Any CPU
		{8C5F6793-4C87-4A16-BB50-9729388E6376}.Debug|Any CPU.Build.0 = Debug|Any CPU
		{8C5F6793-4C87-4A16-BB50-9729388E6376}.Release|Any CPU.ActiveCfg = Release|Any CPU
		{8C5F6793-4C87-4A16-BB50-9729388E6376}.Release|Any CPU.Build.0 = Release|Any CPU
		{70ACEEDD-CE89-4FE8-8A71-111691CA42E3}.Debug|Any CPU.ActiveCfg = Debug|Any CPU
		{70ACEEDD-CE89-4FE8-8A71-111691CA42E3}.Debug|Any CPU.Build.0 = Debug|Any CPU
		{70ACEEDD-CE89-4FE8-8A71-111691CA42E3}.Release|Any CPU.ActiveCfg = Release|Any CPU
		{70ACEEDD-CE89-4FE8-8A71-111691CA42E3}.Release|Any CPU.Build.0 = Release|Any CPU
		{883BCF92-4E97-4429-BB84-9896EB5ABB29}.Debug|Any CPU.ActiveCfg = Debug|Any CPU
		{883BCF92-4E97-4429-BB84-9896EB5ABB29}.Debug|Any CPU.Build.0 = Debug|Any CPU
		{883BCF92-4E97-4429-BB84-9896EB5ABB29}.Release|Any CPU.ActiveCfg = Release|Any CPU
		{883BCF92-4E97-4429-BB84-9896EB5ABB29}.Release|Any CPU.Build.0 = Release|Any CPU
		{2D51946E-1ACF-47CC-A928-48C3605FF3D8}.Debug|Any CPU.ActiveCfg = Debug|Any CPU
		{2D51946E-1ACF-47CC-A928-48C3605FF3D8}.Debug|Any CPU.Build.0 = Debug|Any CPU
		{2D51946E-1ACF-47CC-A928-48C3605FF3D8}.Release|Any CPU.ActiveCfg = Release|Any CPU
		{2D51946E-1ACF-47CC-A928-48C3605FF3D8}.Release|Any CPU.Build.0 = Release|Any CPU
		{41511825-94C4-4821-A19C-56BEA8AD22B2}.Debug|Any CPU.ActiveCfg = Debug|Any CPU
		{41511825-94C4-4821-A19C-56BEA8AD22B2}.Debug|Any CPU.Build.0 = Debug|Any CPU
		{41511825-94C4-4821-A19C-56BEA8AD22B2}.Release|Any CPU.ActiveCfg = Release|Any CPU
		{41511825-94C4-4821-A19C-56BEA8AD22B2}.Release|Any CPU.Build.0 = Release|Any CPU
		{CC606C06-F0A2-4EE3-9A64-2C7D47D7AFA8}.Debug|Any CPU.ActiveCfg = Debug|Any CPU
		{CC606C06-F0A2-4EE3-9A64-2C7D47D7AFA8}.Debug|Any CPU.Build.0 = Debug|Any CPU
		{CC606C06-F0A2-4EE3-9A64-2C7D47D7AFA8}.Release|Any CPU.ActiveCfg = Release|Any CPU
		{CC606C06-F0A2-4EE3-9A64-2C7D47D7AFA8}.Release|Any CPU.Build.0 = Release|Any CPU
		{E660923B-B730-483B-A463-24274B8A5DC5}.Debug|Any CPU.ActiveCfg = Debug|Any CPU
		{E660923B-B730-483B-A463-24274B8A5DC5}.Debug|Any CPU.Build.0 = Debug|Any CPU
		{E660923B-B730-483B-A463-24274B8A5DC5}.Release|Any CPU.ActiveCfg = Release|Any CPU
		{E660923B-B730-483B-A463-24274B8A5DC5}.Release|Any CPU.Build.0 = Release|Any CPU
		{1EDE9D7A-7525-468F-829C-999AA7502A91}.Debug|Any CPU.ActiveCfg = Debug|Any CPU
		{1EDE9D7A-7525-468F-829C-999AA7502A91}.Debug|Any CPU.Build.0 = Debug|Any CPU
		{1EDE9D7A-7525-468F-829C-999AA7502A91}.Release|Any CPU.ActiveCfg = Release|Any CPU
		{1EDE9D7A-7525-468F-829C-999AA7502A91}.Release|Any CPU.Build.0 = Release|Any CPU
		{ACC685EA-A4DD-4423-8B04-50CC2F4DBAF4}.Debug|Any CPU.ActiveCfg = Debug|Any CPU
		{ACC685EA-A4DD-4423-8B04-50CC2F4DBAF4}.Debug|Any CPU.Build.0 = Debug|Any CPU
		{ACC685EA-A4DD-4423-8B04-50CC2F4DBAF4}.Release|Any CPU.ActiveCfg = Release|Any CPU
		{ACC685EA-A4DD-4423-8B04-50CC2F4DBAF4}.Release|Any CPU.Build.0 = Release|Any CPU
		{A293BBFE-2496-45BC-9CD1-0B1BDD42B47C}.Debug|Any CPU.ActiveCfg = Debug|Any CPU
		{A293BBFE-2496-45BC-9CD1-0B1BDD42B47C}.Debug|Any CPU.Build.0 = Debug|Any CPU
		{A293BBFE-2496-45BC-9CD1-0B1BDD42B47C}.Release|Any CPU.ActiveCfg = Release|Any CPU
		{A293BBFE-2496-45BC-9CD1-0B1BDD42B47C}.Release|Any CPU.Build.0 = Release|Any CPU
		{0BD8B7EB-08D7-400C-B68B-67B083C6F349}.Debug|Any CPU.ActiveCfg = Debug|Any CPU
		{0BD8B7EB-08D7-400C-B68B-67B083C6F349}.Debug|Any CPU.Build.0 = Debug|Any CPU
		{0BD8B7EB-08D7-400C-B68B-67B083C6F349}.Release|Any CPU.ActiveCfg = Release|Any CPU
		{0BD8B7EB-08D7-400C-B68B-67B083C6F349}.Release|Any CPU.Build.0 = Release|Any CPU
		{4BD8DA4D-9CD1-4AC8-B5F6-16B760255185}.Debug|Any CPU.ActiveCfg = Debug|Any CPU
		{4BD8DA4D-9CD1-4AC8-B5F6-16B760255185}.Debug|Any CPU.Build.0 = Debug|Any CPU
		{4BD8DA4D-9CD1-4AC8-B5F6-16B760255185}.Release|Any CPU.ActiveCfg = Release|Any CPU
		{4BD8DA4D-9CD1-4AC8-B5F6-16B760255185}.Release|Any CPU.Build.0 = Release|Any CPU
		{1C0AE2D2-9BA0-4A25-BD28-C75781BA7B9B}.Debug|Any CPU.ActiveCfg = Debug|Any CPU
		{1C0AE2D2-9BA0-4A25-BD28-C75781BA7B9B}.Debug|Any CPU.Build.0 = Debug|Any CPU
		{1C0AE2D2-9BA0-4A25-BD28-C75781BA7B9B}.Release|Any CPU.ActiveCfg = Release|Any CPU
		{1C0AE2D2-9BA0-4A25-BD28-C75781BA7B9B}.Release|Any CPU.Build.0 = Release|Any CPU
		{9433EBBC-5D49-4FCE-9F4F-C9C60F8714BD}.Debug|Any CPU.ActiveCfg = Debug|Any CPU
		{9433EBBC-5D49-4FCE-9F4F-C9C60F8714BD}.Debug|Any CPU.Build.0 = Debug|Any CPU
		{9433EBBC-5D49-4FCE-9F4F-C9C60F8714BD}.Release|Any CPU.ActiveCfg = Release|Any CPU
		{9433EBBC-5D49-4FCE-9F4F-C9C60F8714BD}.Release|Any CPU.Build.0 = Release|Any CPU
		{68EE9EAE-BDFB-4C0F-8E91-3591B31A9F01}.Debug|Any CPU.ActiveCfg = Debug|Any CPU
		{68EE9EAE-BDFB-4C0F-8E91-3591B31A9F01}.Debug|Any CPU.Build.0 = Debug|Any CPU
		{68EE9EAE-BDFB-4C0F-8E91-3591B31A9F01}.Release|Any CPU.ActiveCfg = Release|Any CPU
		{68EE9EAE-BDFB-4C0F-8E91-3591B31A9F01}.Release|Any CPU.Build.0 = Release|Any CPU
		{D0B31A8A-618F-47F9-8C6D-72CB4809E879}.Debug|Any CPU.ActiveCfg = Debug|Any CPU
		{D0B31A8A-618F-47F9-8C6D-72CB4809E879}.Debug|Any CPU.Build.0 = Debug|Any CPU
		{D0B31A8A-618F-47F9-8C6D-72CB4809E879}.Release|Any CPU.ActiveCfg = Release|Any CPU
		{D0B31A8A-618F-47F9-8C6D-72CB4809E879}.Release|Any CPU.Build.0 = Release|Any CPU
	EndGlobalSection
	GlobalSection(SolutionProperties) = preSolution
		HideSolutionNode = FALSE
	EndGlobalSection
	GlobalSection(ExtensibilityGlobals) = postSolution
		SolutionGuid = {4FCC19EB-3C9E-4A3D-BD69-BB6E8532B225}
	EndGlobalSection
EndGlobal
