
Microsoft Visual Studio Solution File, Format Version 12.00
# Visual Studio Version 17
VisualStudioVersion = 17.0.31912.275
MinimumVisualStudioVersion = 10.0.40219.1
Project("{FAE04EC0-301F-11D3-BF4B-00C04F79EFBC}") = "Aplikacja2", "Aplikacja2.csproj", "{3467285F-E06E-463D-92BA-5FD7D8BD099E}"
EndProject
Global
	GlobalSection(SolutionConfigurationPlatforms) = preSolution
		Debug|Any CPU = Debug|Any CPU
		Release|Any CPU = Release|Any CPU
	EndGlobalSection
	GlobalSection(ProjectConfigurationPlatforms) = postSolution
		{3467285F-E06E-463D-92BA-5FD7D8BD099E}.Debug|Any CPU.ActiveCfg = Debug|Any CPU
		{3467285F-E06E-463D-92BA-5FD7D8BD099E}.Debug|Any CPU.Build.0 = Debug|Any CPU
		{3467285F-E06E-463D-92BA-5FD7D8BD099E}.Release|Any CPU.ActiveCfg = Release|Any CPU
		{3467285F-E06E-463D-92BA-5FD7D8BD099E}.Release|Any CPU.Build.0 = Release|Any CPU
	EndGlobalSection
	GlobalSection(SolutionProperties) = preSolution
		HideSolutionNode = FALSE
	EndGlobalSection
	GlobalSection(ExtensibilityGlobals) = postSolution
		SolutionGuid = {A96B7FB4-55D1-439F-86E6-7F532F0189BD}
	EndGlobalSection
EndGlobal
