
Microsoft Visual Studio Solution File, Format Version 12.00
# Visual Studio Version 17
VisualStudioVersion = 17.0.31919.166
MinimumVisualStudioVersion = 10.0.40219.1
Project("{FAE04EC0-301F-11D3-BF4B-00C04F79EFBC}") = "WindowsFormsApp2", "WindowsFormsApp2.csproj", "{1C0AE2D2-9BA0-4A25-BD28-C75781BA7B9B}"
EndProject
Global
	GlobalSection(SolutionConfigurationPlatforms) = preSolution
		Debug|Any CPU = Debug|Any CPU
		Release|Any CPU = Release|Any CPU
	EndGlobalSection
	GlobalSection(ProjectConfigurationPlatforms) = postSolution
		{1C0AE2D2-9BA0-4A25-BD28-C75781BA7B9B}.Debug|Any CPU.ActiveCfg = Debug|Any CPU
		{1C0AE2D2-9BA0-4A25-BD28-C75781BA7B9B}.Debug|Any CPU.Build.0 = Debug|Any CPU
		{1C0AE2D2-9BA0-4A25-BD28-C75781BA7B9B}.Release|Any CPU.ActiveCfg = Release|Any CPU
		{1C0AE2D2-9BA0-4A25-BD28-C75781BA7B9B}.Release|Any CPU.Build.0 = Release|Any CPU
	EndGlobalSection
	GlobalSection(SolutionProperties) = preSolution
		HideSolutionNode = FALSE
	EndGlobalSection
	GlobalSection(ExtensibilityGlobals) = postSolution
		SolutionGuid = {08E3EFF5-2EA6-46FB-94CD-2F98FE824D3F}
	EndGlobalSection
EndGlobal
