
Microsoft Visual Studio Solution File, Format Version 12.00
# Visual Studio Version 17
VisualStudioVersion = 17.0.31919.166
MinimumVisualStudioVersion = 10.0.40219.1
Project("{FAE04EC0-301F-11D3-BF4B-00C04F79EFBC}") = "Wyścigi Konne", "Wyścigi Konne.csproj", "{D0B31A8A-618F-47F9-8C6D-72CB4809E879}"
EndProject
Global
	GlobalSection(SolutionConfigurationPlatforms) = preSolution
		Debug|Any CPU = Debug|Any CPU
		Release|Any CPU = Release|Any CPU
	EndGlobalSection
	GlobalSection(ProjectConfigurationPlatforms) = postSolution
		{D0B31A8A-618F-47F9-8C6D-72CB4809E879}.Debug|Any CPU.ActiveCfg = Debug|Any CPU
		{D0B31A8A-618F-47F9-8C6D-72CB4809E879}.Debug|Any CPU.Build.0 = Debug|Any CPU
		{D0B31A8A-618F-47F9-8C6D-72CB4809E879}.Release|Any CPU.ActiveCfg = Release|Any CPU
		{D0B31A8A-618F-47F9-8C6D-72CB4809E879}.Release|Any CPU.Build.0 = Release|Any CPU
	EndGlobalSection
	GlobalSection(SolutionProperties) = preSolution
		HideSolutionNode = FALSE
	EndGlobalSection
	GlobalSection(ExtensibilityGlobals) = postSolution
		SolutionGuid = {701ABFC3-73A5-4793-8AAD-D88EF780DA6D}
	EndGlobalSection
EndGlobal
